
Microsoft Visual Studio Solution File, Format Version 12.00
# Visual Studio Version 17
VisualStudioVersion = 17.5.33502.453
MinimumVisualStudioVersion = 10.0.40219.1
Project("{8BC9CEB8-8B4A-11D0-8D11-00A0C91BC942}") = "Doublelinkedlist_130", "Doublelinkedlist_130\Doublelinkedlist_130.vcxproj", "{DFA861D0-EF89-4B98-98D8-6F4BA31B97D9}"
EndProject
Global
	GlobalSection(SolutionConfigurationPlatforms) = preSolution
		Debug|x64 = Debug|x64
		Debug|x86 = Debug|x86
		Release|x64 = Release|x64
		Release|x86 = Release|x86
	EndGlobalSection
	GlobalSection(ProjectConfigurationPlatforms) = postSolution
		{DFA861D0-EF89-4B98-98D8-6F4BA31B97D9}.Debug|x64.ActiveCfg = Debug|x64
		{DFA861D0-EF89-4B98-98D8-6F4BA31B97D9}.Debug|x64.Build.0 = Debug|x64
		{DFA861D0-EF89-4B98-98D8-6F4BA31B97D9}.Debug|x86.ActiveCfg = Debug|Win32
		{DFA861D0-EF89-4B98-98D8-6F4BA31B97D9}.Debug|x86.Build.0 = Debug|Win32
		{DFA861D0-EF89-4B98-98D8-6F4BA31B97D9}.Release|x64.ActiveCfg = Release|x64
		{DFA861D0-EF89-4B98-98D8-6F4BA31B97D9}.Release|x64.Build.0 = Release|x64
		{DFA861D0-EF89-4B98-98D8-6F4BA31B97D9}.Release|x86.ActiveCfg = Release|Win32
		{DFA861D0-EF89-4B98-98D8-6F4BA31B97D9}.Release|x86.Build.0 = Release|Win32
	EndGlobalSection
	GlobalSection(SolutionProperties) = preSolution
		HideSolutionNode = FALSE
	EndGlobalSection
	GlobalSection(ExtensibilityGlobals) = postSolution
		SolutionGuid = {5D3C2F3D-D1B4-4C24-BA45-D3464234E126}
	EndGlobalSection
EndGlobal
